// !$*UTF8*$!
{
	archiveVersion = 1;
	classes = {
	};
	objectVersion = 46;
	objects = {

/* Begin PBXBuildFile section */
		6AC6EAF81AF96566009CBAF8 /* AppDelegate.swift in Sources */ = {isa = PBXBuildFile; fileRef = 6AC6EAF71AF96566009CBAF8 /* AppDelegate.swift */; };
		6AC6EAFA1AF96566009CBAF8 /* ViewController.swift in Sources */ = {isa = PBXBuildFile; fileRef = 6AC6EAF91AF96566009CBAF8 /* ViewController.swift */; };
		6AC6EAFD1AF96566009CBAF8 /* Main.storyboard in Resources */ = {isa = PBXBuildFile; fileRef = 6AC6EAFB1AF96566009CBAF8 /* Main.storyboard */; };
		6AC6EAFF1AF96566009CBAF8 /* Images.xcassets in Resources */ = {isa = PBXBuildFile; fileRef = 6AC6EAFE1AF96566009CBAF8 /* Images.xcassets */; };
		6AC6EB021AF96566009CBAF8 /* LaunchScreen.xib in Resources */ = {isa = PBXBuildFile; fileRef = 6AC6EB001AF96566009CBAF8 /* LaunchScreen.xib */; };
		6AC6EB0E1AF96566009CBAF8 /* Whats_The_WeatherTests.swift in Sources */ = {isa = PBXBuildFile; fileRef = 6AC6EB0D1AF96566009CBAF8 /* Whats_The_WeatherTests.swift */; };
		6AC6EB181AF965EB009CBAF8 /* background_2.jpg in Resources */ = {isa = PBXBuildFile; fileRef = 6AC6EB171AF965EB009CBAF8 /* background_2.jpg */; };
/* End PBXBuildFile section */

/* Begin PBXContainerItemProxy section */
		6AC6EB081AF96566009CBAF8 /* PBXContainerItemProxy */ = {
			isa = PBXContainerItemProxy;
			containerPortal = 6AC6EAEA1AF96566009CBAF8 /* Project object */;
			proxyType = 1;
			remoteGlobalIDString = 6AC6EAF11AF96566009CBAF8;
			remoteInfo = "Whats The Weather";
		};
/* End PBXContainerItemProxy section */

/* Begin PBXFileReference section */
		6AC6EAF21AF96566009CBAF8 /* Whats The Weather.app */ = {isa = PBXFileReference; explicitFileType = wrapper.application; includeInIndex = 0; path = "Whats The Weather.app"; sourceTree = BUILT_PRODUCTS_DIR; };
		6AC6EAF61AF96566009CBAF8 /* Info.plist */ = {isa = PBXFileReference; lastKnownFileType = text.plist.xml; path = Info.plist; sourceTree = "<group>"; };
		6AC6EAF71AF96566009CBAF8 /* AppDelegate.swift */ = {isa = PBXFileReference; lastKnownFileType = sourcecode.swift; path = AppDelegate.swift; sourceTree = "<group>"; };
		6AC6EAF91AF96566009CBAF8 /* ViewController.swift */ = {isa = PBXFileReference; lastKnownFileType = sourcecode.swift; path = ViewController.swift; sourceTree = "<group>"; };
		6AC6EAFC1AF96566009CBAF8 /* Base */ = {isa = PBXFileReference; lastKnownFileType = file.storyboard; name = Base; path = Base.lproj/Main.storyboard; sourceTree = "<group>"; };
		6AC6EAFE1AF96566009CBAF8 /* Images.xcassets */ = {isa = PBXFileReference; lastKnownFileType = folder.assetcatalog; path = Images.xcassets; sourceTree = "<group>"; };
		6AC6EB011AF96566009CBAF8 /* Base */ = {isa = PBXFileReference; lastKnownFileType = file.xib; name = Base; path = Base.lproj/LaunchScreen.xib; sourceTree = "<group>"; };
		6AC6EB071AF96566009CBAF8 /* Whats The WeatherTests.xctest */ = {isa = PBXFileReference; explicitFileType = wrapper.cfbundle; includeInIndex = 0; path = "Whats The WeatherTests.xctest"; sourceTree = BUILT_PRODUCTS_DIR; };
		6AC6EB0C1AF96566009CBAF8 /* Info.plist */ = {isa = PBXFileReference; lastKnownFileType = text.plist.xml; path = Info.plist; sourceTree = "<group>"; };
		6AC6EB0D1AF96566009CBAF8 /* Whats_The_WeatherTests.swift */ = {isa = PBXFileReference; lastKnownFileType = sourcecode.swift; path = Whats_The_WeatherTests.swift; sourceTree = "<group>"; };
		6AC6EB171AF965EB009CBAF8 /* background_2.jpg */ = {isa = PBXFileReference; lastKnownFileType = image.jpeg; path = background_2.jpg; sourceTree = "<group>"; };
/* End PBXFileReference section */

/* Begin PBXFrameworksBuildPhase section */
		6AC6EAEF1AF96566009CBAF8 /* Frameworks */ = {
			isa = PBXFrameworksBuildPhase;
			buildActionMask = 2147483647;
			files = (
			);
			runOnlyForDeploymentPostprocessing = 0;
		};
		6AC6EB041AF96566009CBAF8 /* Frameworks */ = {
			isa = PBXFrameworksBuildPhase;
			buildActionMask = 2147483647;
			files = (
			);
			runOnlyForDeploymentPostprocessing = 0;
		};
/* End PBXFrameworksBuildPhase section */

/* Begin PBXGroup section */
		6AC6EAE91AF96566009CBAF8 = {
			isa = PBXGroup;
			children = (
				6AC6EAF41AF96566009CBAF8 /* Whats The Weather */,
				6AC6EB0A1AF96566009CBAF8 /* Whats The WeatherTests */,
				6AC6EAF31AF96566009CBAF8 /* Products */,
			);
			sourceTree = "<group>";
		};
		6AC6EAF31AF96566009CBAF8 /* Products */ = {
			isa = PBXGroup;
			children = (
				6AC6EAF21AF96566009CBAF8 /* Whats The Weather.app */,
				6AC6EB071AF96566009CBAF8 /* Whats The WeatherTests.xctest */,
			);
			name = Products;
			sourceTree = "<group>";
		};
		6AC6EAF41AF96566009CBAF8 /* Whats The Weather */ = {
			isa = PBXGroup;
			children = (
				6AC6EAF71AF96566009CBAF8 /* AppDelegate.swift */,
				6AC6EAF91AF96566009CBAF8 /* ViewController.swift */,
				6AC6EAFB1AF96566009CBAF8 /* Main.storyboard */,
				6AC6EB171AF965EB009CBAF8 /* background_2.jpg */,
				6AC6EAFE1AF96566009CBAF8 /* Images.xcassets */,
				6AC6EB001AF96566009CBAF8 /* LaunchScreen.xib */,
				6AC6EAF51AF96566009CBAF8 /* Supporting Files */,
			);
			path = "Whats The Weather";
			sourceTree = "<group>";
		};
		6AC6EAF51AF96566009CBAF8 /* Supporting Files */ = {
			isa = PBXGroup;
			children = (
				6AC6EAF61AF96566009CBAF8 /* Info.plist */,
			);
			name = "Supporting Files";
			sourceTree = "<group>";
		};
		6AC6EB0A1AF96566009CBAF8 /* Whats The WeatherTests */ = {
			isa = PBXGroup;
			children = (
				6AC6EB0D1AF96566009CBAF8 /* Whats_The_WeatherTests.swift */,
				6AC6EB0B1AF96566009CBAF8 /* Supporting Files */,
			);
			path = "Whats The WeatherTests";
			sourceTree = "<group>";
		};
		6AC6EB0B1AF96566009CBAF8 /* Supporting Files */ = {
			isa = PBXGroup;
			children = (
				6AC6EB0C1AF96566009CBAF8 /* Info.plist */,
			);
			name = "Supporting Files";
			sourceTree = "<group>";
		};
/* End PBXGroup section */

/* Begin PBXNativeTarget section */
		6AC6EAF11AF96566009CBAF8 /* Whats The Weather */ = {
			isa = PBXNativeTarget;
			buildConfigurationList = 6AC6EB111AF96566009CBAF8 /* Build configuration list for PBXNativeTarget "Whats The Weather" */;
			buildPhases = (
				6AC6EAEE1AF96566009CBAF8 /* Sources */,
				6AC6EAEF1AF96566009CBAF8 /* Frameworks */,
				6AC6EAF01AF96566009CBAF8 /* Resources */,
			);
			buildRules = (
			);
			dependencies = (
			);
			name = "Whats The Weather";
			productName = "Whats The Weather";
			productReference = 6AC6EAF21AF96566009CBAF8 /* Whats The Weather.app */;
			productType = "com.apple.product-type.application";
		};
		6AC6EB061AF96566009CBAF8 /* Whats The WeatherTests */ = {
			isa = PBXNativeTarget;
			buildConfigurationList = 6AC6EB141AF96566009CBAF8 /* Build configuration list for PBXNativeTarget "Whats The WeatherTests" */;
			buildPhases = (
				6AC6EB031AF96566009CBAF8 /* Sources */,
				6AC6EB041AF96566009CBAF8 /* Frameworks */,
				6AC6EB051AF96566009CBAF8 /* Resources */,
			);
			buildRules = (
			);
			dependencies = (
				6AC6EB091AF96566009CBAF8 /* PBXTargetDependency */,
			);
			name = "Whats The WeatherTests";
			productName = "Whats The WeatherTests";
			productReference = 6AC6EB071AF96566009CBAF8 /* Whats The WeatherTests.xctest */;
			productType = "com.apple.product-type.bundle.unit-test";
		};
/* End PBXNativeTarget section */

/* Begin PBXProject section */
		6AC6EAEA1AF96566009CBAF8 /* Project object */ = {
			isa = PBXProject;
			attributes = {
				LastUpgradeCheck = 0630;
				ORGANIZATIONNAME = CodeMath;
				TargetAttributes = {
					6AC6EAF11AF96566009CBAF8 = {
						CreatedOnToolsVersion = 6.3.1;
					};
					6AC6EB061AF96566009CBAF8 = {
						CreatedOnToolsVersion = 6.3.1;
						TestTargetID = 6AC6EAF11AF96566009CBAF8;
					};
				};
			};
			buildConfigurationList = 6AC6EAED1AF96566009CBAF8 /* Build configuration list for PBXProject "Whats The Weather" */;
			compatibilityVersion = "Xcode 3.2";
			developmentRegion = English;
			hasScannedForEncodings = 0;
			knownRegions = (
				en,
				Base,
			);
			mainGroup = 6AC6EAE91AF96566009CBAF8;
			productRefGroup = 6AC6EAF31AF96566009CBAF8 /* Products */;
			projectDirPath = "";
			projectRoot = "";
			targets = (
				6AC6EAF11AF96566009CBAF8 /* Whats The Weather */,
				6AC6EB061AF96566009CBAF8 /* Whats The WeatherTests */,
			);
		};
/* End PBXProject section */

/* Begin PBXResourcesBuildPhase section */
		6AC6EAF01AF96566009CBAF8 /* Resources */ = {
			isa = PBXResourcesBuildPhase;
			buildActionMask = 2147483647;
			files = (
				6AC6EB181AF965EB009CBAF8 /* background_2.jpg in Resources */,
				6AC6EAFD1AF96566009CBAF8 /* Main.storyboard in Resources */,
				6AC6EB021AF96566009CBAF8 /* LaunchScreen.xib in Resources */,
				6AC6EAFF1AF96566009CBAF8 /* Images.xcassets in Resources */,
			);
			runOnlyForDeploymentPostprocessing = 0;
		};
		6AC6EB051AF96566009CBAF8 /* Resources */ = {
			isa = PBXResourcesBuildPhase;
			buildActionMask = 2147483647;
			files = (
			);
			runOnlyForDeploymentPostprocessing = 0;
		};
/* End PBXResourcesBuildPhase section */

/* Begin PBXSourcesBuildPhase section */
		6AC6EAEE1AF96566009CBAF8 /* Sources */ = {
			isa = PBXSourcesBuildPhase;
			buildActionMask = 2147483647;
			files = (
				6AC6EAFA1AF96566009CBAF8 /* ViewController.swift in Sources */,
				6AC6EAF81AF96566009CBAF8 /* AppDelegate.swift in Sources */,
			);
			runOnlyForDeploymentPostprocessing = 0;
		};
		6AC6EB031AF96566009CBAF8 /* Sources */ = {
			isa = PBXSourcesBuildPhase;
			buildActionMask = 2147483647;
			files = (
				6AC6EB0E1AF96566009CBAF8 /* Whats_The_WeatherTests.swift in Sources */,
			);
			runOnlyForDeploymentPostprocessing = 0;
		};
/* End PBXSourcesBuildPhase section */

/* Begin PBXTargetDependency section */
		6AC6EB091AF96566009CBAF8 /* PBXTargetDependency */ = {
			isa = PBXTargetDependency;
			target = 6AC6EAF11AF96566009CBAF8 /* Whats The Weather */;
			targetProxy = 6AC6EB081AF96566009CBAF8 /* PBXContainerItemProxy */;
		};
/* End PBXTargetDependency section */

/* Begin PBXVariantGroup section */
		6AC6EAFB1AF96566009CBAF8 /* Main.storyboard */ = {
			isa = PBXVariantGroup;
			children = (
				6AC6EAFC1AF96566009CBAF8 /* Base */,
			);
			name = Main.storyboard;
			sourceTree = "<group>";
		};
		6AC6EB001AF96566009CBAF8 /* LaunchScreen.xib */ = {
			isa = PBXVariantGroup;
			children = (
				6AC6EB011AF96566009CBAF8 /* Base */,
			);
			name = LaunchScreen.xib;
			sourceTree = "<group>";
		};
/* End PBXVariantGroup section */

/* Begin XCBuildConfiguration section */
		6AC6EB0F1AF96566009CBAF8 /* Debug */ = {
			isa = XCBuildConfiguration;
			buildSettings = {
				ALWAYS_SEARCH_USER_PATHS = NO;
				CLANG_CXX_LANGUAGE_STANDARD = "gnu++0x";
				CLANG_CXX_LIBRARY = "libc++";
				CLANG_ENABLE_MODULES = YES;
				CLANG_ENABLE_OBJC_ARC = YES;
				CLANG_WARN_BOOL_CONVERSION = YES;
				CLANG_WARN_CONSTANT_CONVERSION = YES;
				CLANG_WARN_DIRECT_OBJC_ISA_USAGE = YES_ERROR;
				CLANG_WARN_EMPTY_BODY = YES;
				CLANG_WARN_ENUM_CONVERSION = YES;
				CLANG_WARN_INT_CONVERSION = YES;
				CLANG_WARN_OBJC_ROOT_CLASS = YES_ERROR;
				CLANG_WARN_UNREACHABLE_CODE = YES;
				CLANG_WARN__DUPLICATE_METHOD_MATCH = YES;
				"CODE_SIGN_IDENTITY[sdk=iphoneos*]" = "iPhone Developer";
				COPY_PHASE_STRIP = NO;
				DEBUG_INFORMATION_FORMAT = "dwarf-with-dsym";
				ENABLE_STRICT_OBJC_MSGSEND = YES;
				GCC_C_LANGUAGE_STANDARD = gnu99;
				GCC_DYNAMIC_NO_PIC = NO;
				GCC_NO_COMMON_BLOCKS = YES;
				GCC_OPTIMIZATION_LEVEL = 0;
				GCC_PREPROCESSOR_DEFINITIONS = (
					"DEBUG=1",
					"$(inherited)",
				);
				GCC_SYMBOLS_PRIVATE_EXTERN = NO;
				GCC_WARN_64_TO_32_BIT_CONVERSION = YES;
				GCC_WARN_ABOUT_RETURN_TYPE = YES_ERROR;
				GCC_WARN_UNDECLARED_SELECTOR = YES;
				GCC_WARN_UNINITIALIZED_AUTOS = YES_AGGRESSIVE;
				GCC_WARN_UNUSED_FUNCTION = YES;
				GCC_WARN_UNUSED_VARIABLE = YES;
				IPHONEOS_DEPLOYMENT_TARGET = 8.3;
				MTL_ENABLE_DEBUG_INFO = YES;
				ONLY_ACTIVE_ARCH = YES;
				SDKROOT = iphoneos;
				SWIFT_OPTIMIZATION_LEVEL = "-Onone";
			};
			name = Debug;
		};
		6AC6EB101AF96566009CBAF8 /* Release */ = {
			isa = XCBuildConfiguration;
			buildSettings = {
				ALWAYS_SEARCH_USER_PATHS = NO;
				CLANG_CXX_LANGUAGE_STANDARD = "gnu++0x";
				CLANG_CXX_LIBRARY = "libc++";
				CLANG_ENABLE_MODULES = YES;
				CLANG_ENABLE_OBJC_ARC = YES;
				CLANG_WARN_BOOL_CONVERSION = YES;
				CLANG_WARN_CONSTANT_CONVERSION = YES;
				CLANG_WARN_DIRECT_OBJC_ISA_USAGE = YES_ERROR;
				CLANG_WARN_EMPTY_BODY = YES;
				CLANG_WARN_ENUM_CONVERSION = YES;
				CLANG_WARN_INT_CONVERSION = YES;
				CLANG_WARN_OBJC_ROOT_CLASS = YES_ERROR;
				CLANG_WARN_UNREACHABLE_CODE = YES;
				CLANG_WARN__DUPLICATE_METHOD_MATCH = YES;
				"CODE_SIGN_IDENTITY[sdk=iphoneos*]" = "iPhone Developer";
				COPY_PHASE_STRIP = NO;
				DEBUG_INFORMATION_FORMAT = "dwarf-with-dsym";
				ENABLE_NS_ASSERTIONS = NO;
				ENABLE_STRICT_OBJC_MSGSEND = YES;
				GCC_C_LANGUAGE_STANDARD = gnu99;
				GCC_NO_COMMON_BLOCKS = YES;
				GCC_WARN_64_TO_32_BIT_CONVERSION = YES;
				GCC_WARN_ABOUT_RETURN_TYPE = YES_ERROR;
				GCC_WARN_UNDECLARED_SELECTOR = YES;
				GCC_WARN_UNINITIALIZED_AUTOS = YES_AGGRESSIVE;
				GCC_WARN_UNUSED_FUNCTION = YES;
				GCC_WARN_UNUSED_VARIABLE = YES;
				IPHONEOS_DEPLOYMENT_TARGET = 8.3;
				MTL_ENABLE_DEBUG_INFO = NO;
				SDKROOT = iphoneos;
				VALIDATE_PRODUCT = YES;
			};
			name = Release;
		};
		6AC6EB121AF96566009CBAF8 /* Debug */ = {
			isa = XCBuildConfiguration;
			buildSettings = {
				ASSETCATALOG_COMPILER_APPICON_NAME = AppIcon;
				INFOPLIST_FILE = "Whats The Weather/Info.plist";
				LD_RUNPATH_SEARCH_PATHS = "$(inherited) @executable_path/Frameworks";
				PRODUCT_NAME = "$(TARGET_NAME)";
			};
			name = Debug;
		};
		6AC6EB131AF96566009CBAF8 /* Release */ = {
			isa = XCBuildConfiguration;
			buildSettings = {
				ASSETCATALOG_COMPILER_APPICON_NAME = AppIcon;
				INFOPLIST_FILE = "Whats The Weather/Info.plist";
				LD_RUNPATH_SEARCH_PATHS = "$(inherited) @executable_path/Frameworks";
				PRODUCT_NAME = "$(TARGET_NAME)";
			};
			name = Release;
		};
		6AC6EB151AF96566009CBAF8 /* Debug */ = {
			isa = XCBuildConfiguration;
			buildSettings = {
				BUNDLE_LOADER = "$(TEST_HOST)";
				FRAMEWORK_SEARCH_PATHS = (
					"$(SDKROOT)/Developer/Library/Frameworks",
					"$(inherited)",
				);
				GCC_PREPROCESSOR_DEFINITIONS = (
					"DEBUG=1",
					"$(inherited)",
				);
				INFOPLIST_FILE = "Whats The WeatherTests/Info.plist";
				LD_RUNPATH_SEARCH_PATHS = "$(inherited) @executable_path/Frameworks @loader_path/Frameworks";
				PRODUCT_NAME = "$(TARGET_NAME)";
				TEST_HOST = "$(BUILT_PRODUCTS_DIR)/Whats The Weather.app/Whats The Weather";
			};
			name = Debug;
		};
		6AC6EB161AF96566009CBAF8 /* Release */ = {
			isa = XCBuildConfiguration;
			buildSettings = {
				BUNDLE_LOADER = "$(TEST_HOST)";
				FRAMEWORK_SEARCH_PATHS = (
					"$(SDKROOT)/Developer/Library/Frameworks",
					"$(inherited)",
				);
				INFOPLIST_FILE = "Whats The WeatherTests/Info.plist";
				LD_RUNPATH_SEARCH_PATHS = "$(inherited) @executable_path/Frameworks @loader_path/Frameworks";
				PRODUCT_NAME = "$(TARGET_NAME)";
				TEST_HOST = "$(BUILT_PRODUCTS_DIR)/Whats The Weather.app/Whats The Weather";
			};
			name = Release;
		};
/* End XCBuildConfiguration section */

/* Begin XCConfigurationList section */
		6AC6EAED1AF96566009CBAF8 /* Build configuration list for PBXProject "Whats The Weather" */ = {
			isa = XCConfigurationList;
			buildConfigurations = (
				6AC6EB0F1AF96566009CBAF8 /* Debug */,
				6AC6EB101AF96566009CBAF8 /* Release */,
			);
			defaultConfigurationIsVisible = 0;
			defaultConfigurationName = Release;
		};
		6AC6EB111AF96566009CBAF8 /* Build configuration list for PBXNativeTarget "Whats The Weather" */ = {
			isa = XCConfigurationList;
			buildConfigurations = (
				6AC6EB121AF96566009CBAF8 /* Debug */,
				6AC6EB131AF96566009CBAF8 /* Release */,
			);
			defaultConfigurationIsVisible = 0;
		};
		6AC6EB141AF96566009CBAF8 /* Build configuration list for PBXNativeTarget "Whats The WeatherTests" */ = {
			isa = XCConfigurationList;
			buildConfigurations = (
				6AC6EB151AF96566009CBAF8 /* Debug */,
				6AC6EB161AF96566009CBAF8 /* Release */,
			);
			defaultConfigurationIsVisible = 0;
		};
/* End XCConfigurationList section */
	};
	rootObject = 6AC6EAEA1AF96566009CBAF8 /* Project object */;
}
