// !$*UTF8*$!
{
	archiveVersion = 1;
	classes = {
	};
	objectVersion = 46;
	objects = {

/* Begin PBXBuildFile section */
		6A432BBE1AE9E2D900D6E800 /* AppDelegate.swift in Sources */ = {isa = PBXBuildFile; fileRef = 6A432BBD1AE9E2D900D6E800 /* AppDelegate.swift */; };
		6A432BC01AE9E2D900D6E800 /* ViewController.swift in Sources */ = {isa = PBXBuildFile; fileRef = 6A432BBF1AE9E2D900D6E800 /* ViewController.swift */; };
		6A432BC31AE9E2D900D6E800 /* Main.storyboard in Resources */ = {isa = PBXBuildFile; fileRef = 6A432BC11AE9E2D900D6E800 /* Main.storyboard */; };
		6A432BC51AE9E2D900D6E800 /* Images.xcassets in Resources */ = {isa = PBXBuildFile; fileRef = 6A432BC41AE9E2D900D6E800 /* Images.xcassets */; };
		6A432BC81AE9E2D900D6E800 /* LaunchScreen.xib in Resources */ = {isa = PBXBuildFile; fileRef = 6A432BC61AE9E2D900D6E800 /* LaunchScreen.xib */; };
		6A432BD41AE9E2D900D6E800 /* Cat_YearsTests.swift in Sources */ = {isa = PBXBuildFile; fileRef = 6A432BD31AE9E2D900D6E800 /* Cat_YearsTests.swift */; };
		6A432BDE1AE9E44300D6E800 /* Firefox-W.png in Resources */ = {isa = PBXBuildFile; fileRef = 6A432BDD1AE9E44300D6E800 /* Firefox-W.png */; };
/* End PBXBuildFile section */

/* Begin PBXContainerItemProxy section */
		6A432BCE1AE9E2D900D6E800 /* PBXContainerItemProxy */ = {
			isa = PBXContainerItemProxy;
			containerPortal = 6A432BB01AE9E2D900D6E800 /* Project object */;
			proxyType = 1;
			remoteGlobalIDString = 6A432BB71AE9E2D900D6E800;
			remoteInfo = "Cat-Years";
		};
/* End PBXContainerItemProxy section */

/* Begin PBXFileReference section */
		6A432BB81AE9E2D900D6E800 /* Cat-Years.app */ = {isa = PBXFileReference; explicitFileType = wrapper.application; includeInIndex = 0; path = "Cat-Years.app"; sourceTree = BUILT_PRODUCTS_DIR; };
		6A432BBC1AE9E2D900D6E800 /* Info.plist */ = {isa = PBXFileReference; lastKnownFileType = text.plist.xml; path = Info.plist; sourceTree = "<group>"; };
		6A432BBD1AE9E2D900D6E800 /* AppDelegate.swift */ = {isa = PBXFileReference; lastKnownFileType = sourcecode.swift; path = AppDelegate.swift; sourceTree = "<group>"; };
		6A432BBF1AE9E2D900D6E800 /* ViewController.swift */ = {isa = PBXFileReference; lastKnownFileType = sourcecode.swift; path = ViewController.swift; sourceTree = "<group>"; };
		6A432BC21AE9E2D900D6E800 /* Base */ = {isa = PBXFileReference; lastKnownFileType = file.storyboard; name = Base; path = Base.lproj/Main.storyboard; sourceTree = "<group>"; };
		6A432BC41AE9E2D900D6E800 /* Images.xcassets */ = {isa = PBXFileReference; lastKnownFileType = folder.assetcatalog; path = Images.xcassets; sourceTree = "<group>"; };
		6A432BC71AE9E2D900D6E800 /* Base */ = {isa = PBXFileReference; lastKnownFileType = file.xib; name = Base; path = Base.lproj/LaunchScreen.xib; sourceTree = "<group>"; };
		6A432BCD1AE9E2D900D6E800 /* Cat-YearsTests.xctest */ = {isa = PBXFileReference; explicitFileType = wrapper.cfbundle; includeInIndex = 0; path = "Cat-YearsTests.xctest"; sourceTree = BUILT_PRODUCTS_DIR; };
		6A432BD21AE9E2D900D6E800 /* Info.plist */ = {isa = PBXFileReference; lastKnownFileType = text.plist.xml; path = Info.plist; sourceTree = "<group>"; };
		6A432BD31AE9E2D900D6E800 /* Cat_YearsTests.swift */ = {isa = PBXFileReference; lastKnownFileType = sourcecode.swift; path = Cat_YearsTests.swift; sourceTree = "<group>"; };
		6A432BDD1AE9E44300D6E800 /* Firefox-W.png */ = {isa = PBXFileReference; lastKnownFileType = image.png; path = "Firefox-W.png"; sourceTree = "<group>"; };
/* End PBXFileReference section */

/* Begin PBXFrameworksBuildPhase section */
		6A432BB51AE9E2D900D6E800 /* Frameworks */ = {
			isa = PBXFrameworksBuildPhase;
			buildActionMask = 2147483647;
			files = (
			);
			runOnlyForDeploymentPostprocessing = 0;
		};
		6A432BCA1AE9E2D900D6E800 /* Frameworks */ = {
			isa = PBXFrameworksBuildPhase;
			buildActionMask = 2147483647;
			files = (
			);
			runOnlyForDeploymentPostprocessing = 0;
		};
/* End PBXFrameworksBuildPhase section */

/* Begin PBXGroup section */
		6A432BAF1AE9E2D900D6E800 = {
			isa = PBXGroup;
			children = (
				6A432BBA1AE9E2D900D6E800 /* Cat-Years */,
				6A432BD01AE9E2D900D6E800 /* Cat-YearsTests */,
				6A432BB91AE9E2D900D6E800 /* Products */,
			);
			sourceTree = "<group>";
		};
		6A432BB91AE9E2D900D6E800 /* Products */ = {
			isa = PBXGroup;
			children = (
				6A432BB81AE9E2D900D6E800 /* Cat-Years.app */,
				6A432BCD1AE9E2D900D6E800 /* Cat-YearsTests.xctest */,
			);
			name = Products;
			sourceTree = "<group>";
		};
		6A432BBA1AE9E2D900D6E800 /* Cat-Years */ = {
			isa = PBXGroup;
			children = (
				6A432BBD1AE9E2D900D6E800 /* AppDelegate.swift */,
				6A432BBF1AE9E2D900D6E800 /* ViewController.swift */,
				6A432BC11AE9E2D900D6E800 /* Main.storyboard */,
				6A432BDD1AE9E44300D6E800 /* Firefox-W.png */,
				6A432BC41AE9E2D900D6E800 /* Images.xcassets */,
				6A432BC61AE9E2D900D6E800 /* LaunchScreen.xib */,
				6A432BBB1AE9E2D900D6E800 /* Supporting Files */,
			);
			path = "Cat-Years";
			sourceTree = "<group>";
		};
		6A432BBB1AE9E2D900D6E800 /* Supporting Files */ = {
			isa = PBXGroup;
			children = (
				6A432BBC1AE9E2D900D6E800 /* Info.plist */,
			);
			name = "Supporting Files";
			sourceTree = "<group>";
		};
		6A432BD01AE9E2D900D6E800 /* Cat-YearsTests */ = {
			isa = PBXGroup;
			children = (
				6A432BD31AE9E2D900D6E800 /* Cat_YearsTests.swift */,
				6A432BD11AE9E2D900D6E800 /* Supporting Files */,
			);
			path = "Cat-YearsTests";
			sourceTree = "<group>";
		};
		6A432BD11AE9E2D900D6E800 /* Supporting Files */ = {
			isa = PBXGroup;
			children = (
				6A432BD21AE9E2D900D6E800 /* Info.plist */,
			);
			name = "Supporting Files";
			sourceTree = "<group>";
		};
/* End PBXGroup section */

/* Begin PBXNativeTarget section */
		6A432BB71AE9E2D900D6E800 /* Cat-Years */ = {
			isa = PBXNativeTarget;
			buildConfigurationList = 6A432BD71AE9E2D900D6E800 /* Build configuration list for PBXNativeTarget "Cat-Years" */;
			buildPhases = (
				6A432BB41AE9E2D900D6E800 /* Sources */,
				6A432BB51AE9E2D900D6E800 /* Frameworks */,
				6A432BB61AE9E2D900D6E800 /* Resources */,
			);
			buildRules = (
			);
			dependencies = (
			);
			name = "Cat-Years";
			productName = "Cat-Years";
			productReference = 6A432BB81AE9E2D900D6E800 /* Cat-Years.app */;
			productType = "com.apple.product-type.application";
		};
		6A432BCC1AE9E2D900D6E800 /* Cat-YearsTests */ = {
			isa = PBXNativeTarget;
			buildConfigurationList = 6A432BDA1AE9E2D900D6E800 /* Build configuration list for PBXNativeTarget "Cat-YearsTests" */;
			buildPhases = (
				6A432BC91AE9E2D900D6E800 /* Sources */,
				6A432BCA1AE9E2D900D6E800 /* Frameworks */,
				6A432BCB1AE9E2D900D6E800 /* Resources */,
			);
			buildRules = (
			);
			dependencies = (
				6A432BCF1AE9E2D900D6E800 /* PBXTargetDependency */,
			);
			name = "Cat-YearsTests";
			productName = "Cat-YearsTests";
			productReference = 6A432BCD1AE9E2D900D6E800 /* Cat-YearsTests.xctest */;
			productType = "com.apple.product-type.bundle.unit-test";
		};
/* End PBXNativeTarget section */

/* Begin PBXProject section */
		6A432BB01AE9E2D900D6E800 /* Project object */ = {
			isa = PBXProject;
			attributes = {
				LastUpgradeCheck = 0630;
				ORGANIZATIONNAME = CodeMath;
				TargetAttributes = {
					6A432BB71AE9E2D900D6E800 = {
						CreatedOnToolsVersion = 6.3.1;
					};
					6A432BCC1AE9E2D900D6E800 = {
						CreatedOnToolsVersion = 6.3.1;
						TestTargetID = 6A432BB71AE9E2D900D6E800;
					};
				};
			};
			buildConfigurationList = 6A432BB31AE9E2D900D6E800 /* Build configuration list for PBXProject "Cat-Years" */;
			compatibilityVersion = "Xcode 3.2";
			developmentRegion = English;
			hasScannedForEncodings = 0;
			knownRegions = (
				en,
				Base,
			);
			mainGroup = 6A432BAF1AE9E2D900D6E800;
			productRefGroup = 6A432BB91AE9E2D900D6E800 /* Products */;
			projectDirPath = "";
			projectRoot = "";
			targets = (
				6A432BB71AE9E2D900D6E800 /* Cat-Years */,
				6A432BCC1AE9E2D900D6E800 /* Cat-YearsTests */,
			);
		};
/* End PBXProject section */

/* Begin PBXResourcesBuildPhase section */
		6A432BB61AE9E2D900D6E800 /* Resources */ = {
			isa = PBXResourcesBuildPhase;
			buildActionMask = 2147483647;
			files = (
				6A432BC31AE9E2D900D6E800 /* Main.storyboard in Resources */,
				6A432BC81AE9E2D900D6E800 /* LaunchScreen.xib in Resources */,
				6A432BC51AE9E2D900D6E800 /* Images.xcassets in Resources */,
				6A432BDE1AE9E44300D6E800 /* Firefox-W.png in Resources */,
			);
			runOnlyForDeploymentPostprocessing = 0;
		};
		6A432BCB1AE9E2D900D6E800 /* Resources */ = {
			isa = PBXResourcesBuildPhase;
			buildActionMask = 2147483647;
			files = (
			);
			runOnlyForDeploymentPostprocessing = 0;
		};
/* End PBXResourcesBuildPhase section */

/* Begin PBXSourcesBuildPhase section */
		6A432BB41AE9E2D900D6E800 /* Sources */ = {
			isa = PBXSourcesBuildPhase;
			buildActionMask = 2147483647;
			files = (
				6A432BC01AE9E2D900D6E800 /* ViewController.swift in Sources */,
				6A432BBE1AE9E2D900D6E800 /* AppDelegate.swift in Sources */,
			);
			runOnlyForDeploymentPostprocessing = 0;
		};
		6A432BC91AE9E2D900D6E800 /* Sources */ = {
			isa = PBXSourcesBuildPhase;
			buildActionMask = 2147483647;
			files = (
				6A432BD41AE9E2D900D6E800 /* Cat_YearsTests.swift in Sources */,
			);
			runOnlyForDeploymentPostprocessing = 0;
		};
/* End PBXSourcesBuildPhase section */

/* Begin PBXTargetDependency section */
		6A432BCF1AE9E2D900D6E800 /* PBXTargetDependency */ = {
			isa = PBXTargetDependency;
			target = 6A432BB71AE9E2D900D6E800 /* Cat-Years */;
			targetProxy = 6A432BCE1AE9E2D900D6E800 /* PBXContainerItemProxy */;
		};
/* End PBXTargetDependency section */

/* Begin PBXVariantGroup section */
		6A432BC11AE9E2D900D6E800 /* Main.storyboard */ = {
			isa = PBXVariantGroup;
			children = (
				6A432BC21AE9E2D900D6E800 /* Base */,
			);
			name = Main.storyboard;
			sourceTree = "<group>";
		};
		6A432BC61AE9E2D900D6E800 /* LaunchScreen.xib */ = {
			isa = PBXVariantGroup;
			children = (
				6A432BC71AE9E2D900D6E800 /* Base */,
			);
			name = LaunchScreen.xib;
			sourceTree = "<group>";
		};
/* End PBXVariantGroup section */

/* Begin XCBuildConfiguration section */
		6A432BD51AE9E2D900D6E800 /* Debug */ = {
			isa = XCBuildConfiguration;
			buildSettings = {
				ALWAYS_SEARCH_USER_PATHS = NO;
				CLANG_CXX_LANGUAGE_STANDARD = "gnu++0x";
				CLANG_CXX_LIBRARY = "libc++";
				CLANG_ENABLE_MODULES = YES;
				CLANG_ENABLE_OBJC_ARC = YES;
				CLANG_WARN_BOOL_CONVERSION = YES;
				CLANG_WARN_CONSTANT_CONVERSION = YES;
				CLANG_WARN_DIRECT_OBJC_ISA_USAGE = YES_ERROR;
				CLANG_WARN_EMPTY_BODY = YES;
				CLANG_WARN_ENUM_CONVERSION = YES;
				CLANG_WARN_INT_CONVERSION = YES;
				CLANG_WARN_OBJC_ROOT_CLASS = YES_ERROR;
				CLANG_WARN_UNREACHABLE_CODE = YES;
				CLANG_WARN__DUPLICATE_METHOD_MATCH = YES;
				"CODE_SIGN_IDENTITY[sdk=iphoneos*]" = "iPhone Developer";
				COPY_PHASE_STRIP = NO;
				DEBUG_INFORMATION_FORMAT = "dwarf-with-dsym";
				ENABLE_STRICT_OBJC_MSGSEND = YES;
				GCC_C_LANGUAGE_STANDARD = gnu99;
				GCC_DYNAMIC_NO_PIC = NO;
				GCC_NO_COMMON_BLOCKS = YES;
				GCC_OPTIMIZATION_LEVEL = 0;
				GCC_PREPROCESSOR_DEFINITIONS = (
					"DEBUG=1",
					"$(inherited)",
				);
				GCC_SYMBOLS_PRIVATE_EXTERN = NO;
				GCC_WARN_64_TO_32_BIT_CONVERSION = YES;
				GCC_WARN_ABOUT_RETURN_TYPE = YES_ERROR;
				GCC_WARN_UNDECLARED_SELECTOR = YES;
				GCC_WARN_UNINITIALIZED_AUTOS = YES_AGGRESSIVE;
				GCC_WARN_UNUSED_FUNCTION = YES;
				GCC_WARN_UNUSED_VARIABLE = YES;
				IPHONEOS_DEPLOYMENT_TARGET = 8.3;
				MTL_ENABLE_DEBUG_INFO = YES;
				ONLY_ACTIVE_ARCH = YES;
				SDKROOT = iphoneos;
				SWIFT_OPTIMIZATION_LEVEL = "-Onone";
			};
			name = Debug;
		};
		6A432BD61AE9E2D900D6E800 /* Release */ = {
			isa = XCBuildConfiguration;
			buildSettings = {
				ALWAYS_SEARCH_USER_PATHS = NO;
				CLANG_CXX_LANGUAGE_STANDARD = "gnu++0x";
				CLANG_CXX_LIBRARY = "libc++";
				CLANG_ENABLE_MODULES = YES;
				CLANG_ENABLE_OBJC_ARC = YES;
				CLANG_WARN_BOOL_CONVERSION = YES;
				CLANG_WARN_CONSTANT_CONVERSION = YES;
				CLANG_WARN_DIRECT_OBJC_ISA_USAGE = YES_ERROR;
				CLANG_WARN_EMPTY_BODY = YES;
				CLANG_WARN_ENUM_CONVERSION = YES;
				CLANG_WARN_INT_CONVERSION = YES;
				CLANG_WARN_OBJC_ROOT_CLASS = YES_ERROR;
				CLANG_WARN_UNREACHABLE_CODE = YES;
				CLANG_WARN__DUPLICATE_METHOD_MATCH = YES;
				"CODE_SIGN_IDENTITY[sdk=iphoneos*]" = "iPhone Developer";
				COPY_PHASE_STRIP = NO;
				DEBUG_INFORMATION_FORMAT = "dwarf-with-dsym";
				ENABLE_NS_ASSERTIONS = NO;
				ENABLE_STRICT_OBJC_MSGSEND = YES;
				GCC_C_LANGUAGE_STANDARD = gnu99;
				GCC_NO_COMMON_BLOCKS = YES;
				GCC_WARN_64_TO_32_BIT_CONVERSION = YES;
				GCC_WARN_ABOUT_RETURN_TYPE = YES_ERROR;
				GCC_WARN_UNDECLARED_SELECTOR = YES;
				GCC_WARN_UNINITIALIZED_AUTOS = YES_AGGRESSIVE;
				GCC_WARN_UNUSED_FUNCTION = YES;
				GCC_WARN_UNUSED_VARIABLE = YES;
				IPHONEOS_DEPLOYMENT_TARGET = 8.3;
				MTL_ENABLE_DEBUG_INFO = NO;
				SDKROOT = iphoneos;
				VALIDATE_PRODUCT = YES;
			};
			name = Release;
		};
		6A432BD81AE9E2D900D6E800 /* Debug */ = {
			isa = XCBuildConfiguration;
			buildSettings = {
				ASSETCATALOG_COMPILER_APPICON_NAME = AppIcon;
				INFOPLIST_FILE = "Cat-Years/Info.plist";
				LD_RUNPATH_SEARCH_PATHS = "$(inherited) @executable_path/Frameworks";
				PRODUCT_NAME = "$(TARGET_NAME)";
			};
			name = Debug;
		};
		6A432BD91AE9E2D900D6E800 /* Release */ = {
			isa = XCBuildConfiguration;
			buildSettings = {
				ASSETCATALOG_COMPILER_APPICON_NAME = AppIcon;
				INFOPLIST_FILE = "Cat-Years/Info.plist";
				LD_RUNPATH_SEARCH_PATHS = "$(inherited) @executable_path/Frameworks";
				PRODUCT_NAME = "$(TARGET_NAME)";
			};
			name = Release;
		};
		6A432BDB1AE9E2D900D6E800 /* Debug */ = {
			isa = XCBuildConfiguration;
			buildSettings = {
				BUNDLE_LOADER = "$(TEST_HOST)";
				FRAMEWORK_SEARCH_PATHS = (
					"$(SDKROOT)/Developer/Library/Frameworks",
					"$(inherited)",
				);
				GCC_PREPROCESSOR_DEFINITIONS = (
					"DEBUG=1",
					"$(inherited)",
				);
				INFOPLIST_FILE = "Cat-YearsTests/Info.plist";
				LD_RUNPATH_SEARCH_PATHS = "$(inherited) @executable_path/Frameworks @loader_path/Frameworks";
				PRODUCT_NAME = "$(TARGET_NAME)";
				TEST_HOST = "$(BUILT_PRODUCTS_DIR)/Cat-Years.app/Cat-Years";
			};
			name = Debug;
		};
		6A432BDC1AE9E2D900D6E800 /* Release */ = {
			isa = XCBuildConfiguration;
			buildSettings = {
				BUNDLE_LOADER = "$(TEST_HOST)";
				FRAMEWORK_SEARCH_PATHS = (
					"$(SDKROOT)/Developer/Library/Frameworks",
					"$(inherited)",
				);
				INFOPLIST_FILE = "Cat-YearsTests/Info.plist";
				LD_RUNPATH_SEARCH_PATHS = "$(inherited) @executable_path/Frameworks @loader_path/Frameworks";
				PRODUCT_NAME = "$(TARGET_NAME)";
				TEST_HOST = "$(BUILT_PRODUCTS_DIR)/Cat-Years.app/Cat-Years";
			};
			name = Release;
		};
/* End XCBuildConfiguration section */

/* Begin XCConfigurationList section */
		6A432BB31AE9E2D900D6E800 /* Build configuration list for PBXProject "Cat-Years" */ = {
			isa = XCConfigurationList;
			buildConfigurations = (
				6A432BD51AE9E2D900D6E800 /* Debug */,
				6A432BD61AE9E2D900D6E800 /* Release */,
			);
			defaultConfigurationIsVisible = 0;
			defaultConfigurationName = Release;
		};
		6A432BD71AE9E2D900D6E800 /* Build configuration list for PBXNativeTarget "Cat-Years" */ = {
			isa = XCConfigurationList;
			buildConfigurations = (
				6A432BD81AE9E2D900D6E800 /* Debug */,
				6A432BD91AE9E2D900D6E800 /* Release */,
			);
			defaultConfigurationIsVisible = 0;
		};
		6A432BDA1AE9E2D900D6E800 /* Build configuration list for PBXNativeTarget "Cat-YearsTests" */ = {
			isa = XCConfigurationList;
			buildConfigurations = (
				6A432BDB1AE9E2D900D6E800 /* Debug */,
				6A432BDC1AE9E2D900D6E800 /* Release */,
			);
			defaultConfigurationIsVisible = 0;
		};
/* End XCConfigurationList section */
	};
	rootObject = 6A432BB01AE9E2D900D6E800 /* Project object */;
}
