// !$*UTF8*$!
{
	archiveVersion = 1;
	classes = {
	};
	objectVersion = 46;
	objects = {

/* Begin PBXBuildFile section */
		6A5B0CB31AF01CFC00343885 /* AppDelegate.swift in Sources */ = {isa = PBXBuildFile; fileRef = 6A5B0CB21AF01CFC00343885 /* AppDelegate.swift */; };
		6A5B0CB51AF01CFC00343885 /* ViewController.swift in Sources */ = {isa = PBXBuildFile; fileRef = 6A5B0CB41AF01CFC00343885 /* ViewController.swift */; };
		6A5B0CB81AF01CFC00343885 /* Main.storyboard in Resources */ = {isa = PBXBuildFile; fileRef = 6A5B0CB61AF01CFC00343885 /* Main.storyboard */; };
		6A5B0CBA1AF01CFC00343885 /* Images.xcassets in Resources */ = {isa = PBXBuildFile; fileRef = 6A5B0CB91AF01CFC00343885 /* Images.xcassets */; };
		6A5B0CBD1AF01CFC00343885 /* LaunchScreen.xib in Resources */ = {isa = PBXBuildFile; fileRef = 6A5B0CBB1AF01CFC00343885 /* LaunchScreen.xib */; };
		6A5B0CC91AF01CFC00343885 /* is_It_PrimeTests.swift in Sources */ = {isa = PBXBuildFile; fileRef = 6A5B0CC81AF01CFC00343885 /* is_It_PrimeTests.swift */; };
/* End PBXBuildFile section */

/* Begin PBXContainerItemProxy section */
		6A5B0CC31AF01CFC00343885 /* PBXContainerItemProxy */ = {
			isa = PBXContainerItemProxy;
			containerPortal = 6A5B0CA51AF01CFC00343885 /* Project object */;
			proxyType = 1;
			remoteGlobalIDString = 6A5B0CAC1AF01CFC00343885;
			remoteInfo = "is It Prime";
		};
/* End PBXContainerItemProxy section */

/* Begin PBXFileReference section */
		6A5B0CAD1AF01CFC00343885 /* is It Prime.app */ = {isa = PBXFileReference; explicitFileType = wrapper.application; includeInIndex = 0; path = "is It Prime.app"; sourceTree = BUILT_PRODUCTS_DIR; };
		6A5B0CB11AF01CFC00343885 /* Info.plist */ = {isa = PBXFileReference; lastKnownFileType = text.plist.xml; path = Info.plist; sourceTree = "<group>"; };
		6A5B0CB21AF01CFC00343885 /* AppDelegate.swift */ = {isa = PBXFileReference; lastKnownFileType = sourcecode.swift; path = AppDelegate.swift; sourceTree = "<group>"; };
		6A5B0CB41AF01CFC00343885 /* ViewController.swift */ = {isa = PBXFileReference; lastKnownFileType = sourcecode.swift; path = ViewController.swift; sourceTree = "<group>"; };
		6A5B0CB71AF01CFC00343885 /* Base */ = {isa = PBXFileReference; lastKnownFileType = file.storyboard; name = Base; path = Base.lproj/Main.storyboard; sourceTree = "<group>"; };
		6A5B0CB91AF01CFC00343885 /* Images.xcassets */ = {isa = PBXFileReference; lastKnownFileType = folder.assetcatalog; path = Images.xcassets; sourceTree = "<group>"; };
		6A5B0CBC1AF01CFC00343885 /* Base */ = {isa = PBXFileReference; lastKnownFileType = file.xib; name = Base; path = Base.lproj/LaunchScreen.xib; sourceTree = "<group>"; };
		6A5B0CC21AF01CFC00343885 /* is It PrimeTests.xctest */ = {isa = PBXFileReference; explicitFileType = wrapper.cfbundle; includeInIndex = 0; path = "is It PrimeTests.xctest"; sourceTree = BUILT_PRODUCTS_DIR; };
		6A5B0CC71AF01CFC00343885 /* Info.plist */ = {isa = PBXFileReference; lastKnownFileType = text.plist.xml; path = Info.plist; sourceTree = "<group>"; };
		6A5B0CC81AF01CFC00343885 /* is_It_PrimeTests.swift */ = {isa = PBXFileReference; lastKnownFileType = sourcecode.swift; path = is_It_PrimeTests.swift; sourceTree = "<group>"; };
/* End PBXFileReference section */

/* Begin PBXFrameworksBuildPhase section */
		6A5B0CAA1AF01CFC00343885 /* Frameworks */ = {
			isa = PBXFrameworksBuildPhase;
			buildActionMask = 2147483647;
			files = (
			);
			runOnlyForDeploymentPostprocessing = 0;
		};
		6A5B0CBF1AF01CFC00343885 /* Frameworks */ = {
			isa = PBXFrameworksBuildPhase;
			buildActionMask = 2147483647;
			files = (
			);
			runOnlyForDeploymentPostprocessing = 0;
		};
/* End PBXFrameworksBuildPhase section */

/* Begin PBXGroup section */
		6A5B0CA41AF01CFC00343885 = {
			isa = PBXGroup;
			children = (
				6A5B0CAF1AF01CFC00343885 /* is It Prime */,
				6A5B0CC51AF01CFC00343885 /* is It PrimeTests */,
				6A5B0CAE1AF01CFC00343885 /* Products */,
			);
			sourceTree = "<group>";
		};
		6A5B0CAE1AF01CFC00343885 /* Products */ = {
			isa = PBXGroup;
			children = (
				6A5B0CAD1AF01CFC00343885 /* is It Prime.app */,
				6A5B0CC21AF01CFC00343885 /* is It PrimeTests.xctest */,
			);
			name = Products;
			sourceTree = "<group>";
		};
		6A5B0CAF1AF01CFC00343885 /* is It Prime */ = {
			isa = PBXGroup;
			children = (
				6A5B0CB21AF01CFC00343885 /* AppDelegate.swift */,
				6A5B0CB41AF01CFC00343885 /* ViewController.swift */,
				6A5B0CB61AF01CFC00343885 /* Main.storyboard */,
				6A5B0CB91AF01CFC00343885 /* Images.xcassets */,
				6A5B0CBB1AF01CFC00343885 /* LaunchScreen.xib */,
				6A5B0CB01AF01CFC00343885 /* Supporting Files */,
			);
			path = "is It Prime";
			sourceTree = "<group>";
		};
		6A5B0CB01AF01CFC00343885 /* Supporting Files */ = {
			isa = PBXGroup;
			children = (
				6A5B0CB11AF01CFC00343885 /* Info.plist */,
			);
			name = "Supporting Files";
			sourceTree = "<group>";
		};
		6A5B0CC51AF01CFC00343885 /* is It PrimeTests */ = {
			isa = PBXGroup;
			children = (
				6A5B0CC81AF01CFC00343885 /* is_It_PrimeTests.swift */,
				6A5B0CC61AF01CFC00343885 /* Supporting Files */,
			);
			path = "is It PrimeTests";
			sourceTree = "<group>";
		};
		6A5B0CC61AF01CFC00343885 /* Supporting Files */ = {
			isa = PBXGroup;
			children = (
				6A5B0CC71AF01CFC00343885 /* Info.plist */,
			);
			name = "Supporting Files";
			sourceTree = "<group>";
		};
/* End PBXGroup section */

/* Begin PBXNativeTarget section */
		6A5B0CAC1AF01CFC00343885 /* is It Prime */ = {
			isa = PBXNativeTarget;
			buildConfigurationList = 6A5B0CCC1AF01CFC00343885 /* Build configuration list for PBXNativeTarget "is It Prime" */;
			buildPhases = (
				6A5B0CA91AF01CFC00343885 /* Sources */,
				6A5B0CAA1AF01CFC00343885 /* Frameworks */,
				6A5B0CAB1AF01CFC00343885 /* Resources */,
			);
			buildRules = (
			);
			dependencies = (
			);
			name = "is It Prime";
			productName = "is It Prime";
			productReference = 6A5B0CAD1AF01CFC00343885 /* is It Prime.app */;
			productType = "com.apple.product-type.application";
		};
		6A5B0CC11AF01CFC00343885 /* is It PrimeTests */ = {
			isa = PBXNativeTarget;
			buildConfigurationList = 6A5B0CCF1AF01CFC00343885 /* Build configuration list for PBXNativeTarget "is It PrimeTests" */;
			buildPhases = (
				6A5B0CBE1AF01CFC00343885 /* Sources */,
				6A5B0CBF1AF01CFC00343885 /* Frameworks */,
				6A5B0CC01AF01CFC00343885 /* Resources */,
			);
			buildRules = (
			);
			dependencies = (
				6A5B0CC41AF01CFC00343885 /* PBXTargetDependency */,
			);
			name = "is It PrimeTests";
			productName = "is It PrimeTests";
			productReference = 6A5B0CC21AF01CFC00343885 /* is It PrimeTests.xctest */;
			productType = "com.apple.product-type.bundle.unit-test";
		};
/* End PBXNativeTarget section */

/* Begin PBXProject section */
		6A5B0CA51AF01CFC00343885 /* Project object */ = {
			isa = PBXProject;
			attributes = {
				LastUpgradeCheck = 0630;
				ORGANIZATIONNAME = CodeMath;
				TargetAttributes = {
					6A5B0CAC1AF01CFC00343885 = {
						CreatedOnToolsVersion = 6.3.1;
					};
					6A5B0CC11AF01CFC00343885 = {
						CreatedOnToolsVersion = 6.3.1;
						TestTargetID = 6A5B0CAC1AF01CFC00343885;
					};
				};
			};
			buildConfigurationList = 6A5B0CA81AF01CFC00343885 /* Build configuration list for PBXProject "is It Prime" */;
			compatibilityVersion = "Xcode 3.2";
			developmentRegion = English;
			hasScannedForEncodings = 0;
			knownRegions = (
				en,
				Base,
			);
			mainGroup = 6A5B0CA41AF01CFC00343885;
			productRefGroup = 6A5B0CAE1AF01CFC00343885 /* Products */;
			projectDirPath = "";
			projectRoot = "";
			targets = (
				6A5B0CAC1AF01CFC00343885 /* is It Prime */,
				6A5B0CC11AF01CFC00343885 /* is It PrimeTests */,
			);
		};
/* End PBXProject section */

/* Begin PBXResourcesBuildPhase section */
		6A5B0CAB1AF01CFC00343885 /* Resources */ = {
			isa = PBXResourcesBuildPhase;
			buildActionMask = 2147483647;
			files = (
				6A5B0CB81AF01CFC00343885 /* Main.storyboard in Resources */,
				6A5B0CBD1AF01CFC00343885 /* LaunchScreen.xib in Resources */,
				6A5B0CBA1AF01CFC00343885 /* Images.xcassets in Resources */,
			);
			runOnlyForDeploymentPostprocessing = 0;
		};
		6A5B0CC01AF01CFC00343885 /* Resources */ = {
			isa = PBXResourcesBuildPhase;
			buildActionMask = 2147483647;
			files = (
			);
			runOnlyForDeploymentPostprocessing = 0;
		};
/* End PBXResourcesBuildPhase section */

/* Begin PBXSourcesBuildPhase section */
		6A5B0CA91AF01CFC00343885 /* Sources */ = {
			isa = PBXSourcesBuildPhase;
			buildActionMask = 2147483647;
			files = (
				6A5B0CB51AF01CFC00343885 /* ViewController.swift in Sources */,
				6A5B0CB31AF01CFC00343885 /* AppDelegate.swift in Sources */,
			);
			runOnlyForDeploymentPostprocessing = 0;
		};
		6A5B0CBE1AF01CFC00343885 /* Sources */ = {
			isa = PBXSourcesBuildPhase;
			buildActionMask = 2147483647;
			files = (
				6A5B0CC91AF01CFC00343885 /* is_It_PrimeTests.swift in Sources */,
			);
			runOnlyForDeploymentPostprocessing = 0;
		};
/* End PBXSourcesBuildPhase section */

/* Begin PBXTargetDependency section */
		6A5B0CC41AF01CFC00343885 /* PBXTargetDependency */ = {
			isa = PBXTargetDependency;
			target = 6A5B0CAC1AF01CFC00343885 /* is It Prime */;
			targetProxy = 6A5B0CC31AF01CFC00343885 /* PBXContainerItemProxy */;
		};
/* End PBXTargetDependency section */

/* Begin PBXVariantGroup section */
		6A5B0CB61AF01CFC00343885 /* Main.storyboard */ = {
			isa = PBXVariantGroup;
			children = (
				6A5B0CB71AF01CFC00343885 /* Base */,
			);
			name = Main.storyboard;
			sourceTree = "<group>";
		};
		6A5B0CBB1AF01CFC00343885 /* LaunchScreen.xib */ = {
			isa = PBXVariantGroup;
			children = (
				6A5B0CBC1AF01CFC00343885 /* Base */,
			);
			name = LaunchScreen.xib;
			sourceTree = "<group>";
		};
/* End PBXVariantGroup section */

/* Begin XCBuildConfiguration section */
		6A5B0CCA1AF01CFC00343885 /* Debug */ = {
			isa = XCBuildConfiguration;
			buildSettings = {
				ALWAYS_SEARCH_USER_PATHS = NO;
				CLANG_CXX_LANGUAGE_STANDARD = "gnu++0x";
				CLANG_CXX_LIBRARY = "libc++";
				CLANG_ENABLE_MODULES = YES;
				CLANG_ENABLE_OBJC_ARC = YES;
				CLANG_WARN_BOOL_CONVERSION = YES;
				CLANG_WARN_CONSTANT_CONVERSION = YES;
				CLANG_WARN_DIRECT_OBJC_ISA_USAGE = YES_ERROR;
				CLANG_WARN_EMPTY_BODY = YES;
				CLANG_WARN_ENUM_CONVERSION = YES;
				CLANG_WARN_INT_CONVERSION = YES;
				CLANG_WARN_OBJC_ROOT_CLASS = YES_ERROR;
				CLANG_WARN_UNREACHABLE_CODE = YES;
				CLANG_WARN__DUPLICATE_METHOD_MATCH = YES;
				"CODE_SIGN_IDENTITY[sdk=iphoneos*]" = "iPhone Developer";
				COPY_PHASE_STRIP = NO;
				DEBUG_INFORMATION_FORMAT = "dwarf-with-dsym";
				ENABLE_STRICT_OBJC_MSGSEND = YES;
				GCC_C_LANGUAGE_STANDARD = gnu99;
				GCC_DYNAMIC_NO_PIC = NO;
				GCC_NO_COMMON_BLOCKS = YES;
				GCC_OPTIMIZATION_LEVEL = 0;
				GCC_PREPROCESSOR_DEFINITIONS = (
					"DEBUG=1",
					"$(inherited)",
				);
				GCC_SYMBOLS_PRIVATE_EXTERN = NO;
				GCC_WARN_64_TO_32_BIT_CONVERSION = YES;
				GCC_WARN_ABOUT_RETURN_TYPE = YES_ERROR;
				GCC_WARN_UNDECLARED_SELECTOR = YES;
				GCC_WARN_UNINITIALIZED_AUTOS = YES_AGGRESSIVE;
				GCC_WARN_UNUSED_FUNCTION = YES;
				GCC_WARN_UNUSED_VARIABLE = YES;
				IPHONEOS_DEPLOYMENT_TARGET = 8.3;
				MTL_ENABLE_DEBUG_INFO = YES;
				ONLY_ACTIVE_ARCH = YES;
				SDKROOT = iphoneos;
				SWIFT_OPTIMIZATION_LEVEL = "-Onone";
			};
			name = Debug;
		};
		6A5B0CCB1AF01CFC00343885 /* Release */ = {
			isa = XCBuildConfiguration;
			buildSettings = {
				ALWAYS_SEARCH_USER_PATHS = NO;
				CLANG_CXX_LANGUAGE_STANDARD = "gnu++0x";
				CLANG_CXX_LIBRARY = "libc++";
				CLANG_ENABLE_MODULES = YES;
				CLANG_ENABLE_OBJC_ARC = YES;
				CLANG_WARN_BOOL_CONVERSION = YES;
				CLANG_WARN_CONSTANT_CONVERSION = YES;
				CLANG_WARN_DIRECT_OBJC_ISA_USAGE = YES_ERROR;
				CLANG_WARN_EMPTY_BODY = YES;
				CLANG_WARN_ENUM_CONVERSION = YES;
				CLANG_WARN_INT_CONVERSION = YES;
				CLANG_WARN_OBJC_ROOT_CLASS = YES_ERROR;
				CLANG_WARN_UNREACHABLE_CODE = YES;
				CLANG_WARN__DUPLICATE_METHOD_MATCH = YES;
				"CODE_SIGN_IDENTITY[sdk=iphoneos*]" = "iPhone Developer";
				COPY_PHASE_STRIP = NO;
				DEBUG_INFORMATION_FORMAT = "dwarf-with-dsym";
				ENABLE_NS_ASSERTIONS = NO;
				ENABLE_STRICT_OBJC_MSGSEND = YES;
				GCC_C_LANGUAGE_STANDARD = gnu99;
				GCC_NO_COMMON_BLOCKS = YES;
				GCC_WARN_64_TO_32_BIT_CONVERSION = YES;
				GCC_WARN_ABOUT_RETURN_TYPE = YES_ERROR;
				GCC_WARN_UNDECLARED_SELECTOR = YES;
				GCC_WARN_UNINITIALIZED_AUTOS = YES_AGGRESSIVE;
				GCC_WARN_UNUSED_FUNCTION = YES;
				GCC_WARN_UNUSED_VARIABLE = YES;
				IPHONEOS_DEPLOYMENT_TARGET = 8.3;
				MTL_ENABLE_DEBUG_INFO = NO;
				SDKROOT = iphoneos;
				VALIDATE_PRODUCT = YES;
			};
			name = Release;
		};
		6A5B0CCD1AF01CFC00343885 /* Debug */ = {
			isa = XCBuildConfiguration;
			buildSettings = {
				ASSETCATALOG_COMPILER_APPICON_NAME = AppIcon;
				INFOPLIST_FILE = "is It Prime/Info.plist";
				LD_RUNPATH_SEARCH_PATHS = "$(inherited) @executable_path/Frameworks";
				PRODUCT_NAME = "$(TARGET_NAME)";
			};
			name = Debug;
		};
		6A5B0CCE1AF01CFC00343885 /* Release */ = {
			isa = XCBuildConfiguration;
			buildSettings = {
				ASSETCATALOG_COMPILER_APPICON_NAME = AppIcon;
				INFOPLIST_FILE = "is It Prime/Info.plist";
				LD_RUNPATH_SEARCH_PATHS = "$(inherited) @executable_path/Frameworks";
				PRODUCT_NAME = "$(TARGET_NAME)";
			};
			name = Release;
		};
		6A5B0CD01AF01CFC00343885 /* Debug */ = {
			isa = XCBuildConfiguration;
			buildSettings = {
				BUNDLE_LOADER = "$(TEST_HOST)";
				FRAMEWORK_SEARCH_PATHS = (
					"$(SDKROOT)/Developer/Library/Frameworks",
					"$(inherited)",
				);
				GCC_PREPROCESSOR_DEFINITIONS = (
					"DEBUG=1",
					"$(inherited)",
				);
				INFOPLIST_FILE = "is It PrimeTests/Info.plist";
				LD_RUNPATH_SEARCH_PATHS = "$(inherited) @executable_path/Frameworks @loader_path/Frameworks";
				PRODUCT_NAME = "$(TARGET_NAME)";
				TEST_HOST = "$(BUILT_PRODUCTS_DIR)/is It Prime.app/is It Prime";
			};
			name = Debug;
		};
		6A5B0CD11AF01CFC00343885 /* Release */ = {
			isa = XCBuildConfiguration;
			buildSettings = {
				BUNDLE_LOADER = "$(TEST_HOST)";
				FRAMEWORK_SEARCH_PATHS = (
					"$(SDKROOT)/Developer/Library/Frameworks",
					"$(inherited)",
				);
				INFOPLIST_FILE = "is It PrimeTests/Info.plist";
				LD_RUNPATH_SEARCH_PATHS = "$(inherited) @executable_path/Frameworks @loader_path/Frameworks";
				PRODUCT_NAME = "$(TARGET_NAME)";
				TEST_HOST = "$(BUILT_PRODUCTS_DIR)/is It Prime.app/is It Prime";
			};
			name = Release;
		};
/* End XCBuildConfiguration section */

/* Begin XCConfigurationList section */
		6A5B0CA81AF01CFC00343885 /* Build configuration list for PBXProject "is It Prime" */ = {
			isa = XCConfigurationList;
			buildConfigurations = (
				6A5B0CCA1AF01CFC00343885 /* Debug */,
				6A5B0CCB1AF01CFC00343885 /* Release */,
			);
			defaultConfigurationIsVisible = 0;
			defaultConfigurationName = Release;
		};
		6A5B0CCC1AF01CFC00343885 /* Build configuration list for PBXNativeTarget "is It Prime" */ = {
			isa = XCConfigurationList;
			buildConfigurations = (
				6A5B0CCD1AF01CFC00343885 /* Debug */,
				6A5B0CCE1AF01CFC00343885 /* Release */,
			);
			defaultConfigurationIsVisible = 0;
		};
		6A5B0CCF1AF01CFC00343885 /* Build configuration list for PBXNativeTarget "is It PrimeTests" */ = {
			isa = XCConfigurationList;
			buildConfigurations = (
				6A5B0CD01AF01CFC00343885 /* Debug */,
				6A5B0CD11AF01CFC00343885 /* Release */,
			);
			defaultConfigurationIsVisible = 0;
		};
/* End XCConfigurationList section */
	};
	rootObject = 6A5B0CA51AF01CFC00343885 /* Project object */;
}
