// !$*UTF8*$!
{
	archiveVersion = 1;
	classes = {
	};
	objectVersion = 46;
	objects = {

/* Begin PBXBuildFile section */
		6A4966B31AF40D99006FB54F /* AppDelegate.swift in Sources */ = {isa = PBXBuildFile; fileRef = 6A4966B21AF40D99006FB54F /* AppDelegate.swift */; };
		6A4966B51AF40D99006FB54F /* ViewController.swift in Sources */ = {isa = PBXBuildFile; fileRef = 6A4966B41AF40D99006FB54F /* ViewController.swift */; };
		6A4966B81AF40D99006FB54F /* Main.storyboard in Resources */ = {isa = PBXBuildFile; fileRef = 6A4966B61AF40D99006FB54F /* Main.storyboard */; };
		6A4966BA1AF40D99006FB54F /* Images.xcassets in Resources */ = {isa = PBXBuildFile; fileRef = 6A4966B91AF40D99006FB54F /* Images.xcassets */; };
		6A4966BD1AF40D99006FB54F /* LaunchScreen.xib in Resources */ = {isa = PBXBuildFile; fileRef = 6A4966BB1AF40D99006FB54F /* LaunchScreen.xib */; };
		6A4966C91AF40D99006FB54F /* Permanent_StorageTests.swift in Sources */ = {isa = PBXBuildFile; fileRef = 6A4966C81AF40D99006FB54F /* Permanent_StorageTests.swift */; };
/* End PBXBuildFile section */

/* Begin PBXContainerItemProxy section */
		6A4966C31AF40D99006FB54F /* PBXContainerItemProxy */ = {
			isa = PBXContainerItemProxy;
			containerPortal = 6A4966A51AF40D99006FB54F /* Project object */;
			proxyType = 1;
			remoteGlobalIDString = 6A4966AC1AF40D99006FB54F;
			remoteInfo = "Permanent Storage";
		};
/* End PBXContainerItemProxy section */

/* Begin PBXFileReference section */
		6A4966AD1AF40D99006FB54F /* Permanent Storage.app */ = {isa = PBXFileReference; explicitFileType = wrapper.application; includeInIndex = 0; path = "Permanent Storage.app"; sourceTree = BUILT_PRODUCTS_DIR; };
		6A4966B11AF40D99006FB54F /* Info.plist */ = {isa = PBXFileReference; lastKnownFileType = text.plist.xml; path = Info.plist; sourceTree = "<group>"; };
		6A4966B21AF40D99006FB54F /* AppDelegate.swift */ = {isa = PBXFileReference; lastKnownFileType = sourcecode.swift; path = AppDelegate.swift; sourceTree = "<group>"; };
		6A4966B41AF40D99006FB54F /* ViewController.swift */ = {isa = PBXFileReference; lastKnownFileType = sourcecode.swift; path = ViewController.swift; sourceTree = "<group>"; };
		6A4966B71AF40D99006FB54F /* Base */ = {isa = PBXFileReference; lastKnownFileType = file.storyboard; name = Base; path = Base.lproj/Main.storyboard; sourceTree = "<group>"; };
		6A4966B91AF40D99006FB54F /* Images.xcassets */ = {isa = PBXFileReference; lastKnownFileType = folder.assetcatalog; path = Images.xcassets; sourceTree = "<group>"; };
		6A4966BC1AF40D99006FB54F /* Base */ = {isa = PBXFileReference; lastKnownFileType = file.xib; name = Base; path = Base.lproj/LaunchScreen.xib; sourceTree = "<group>"; };
		6A4966C21AF40D99006FB54F /* Permanent StorageTests.xctest */ = {isa = PBXFileReference; explicitFileType = wrapper.cfbundle; includeInIndex = 0; path = "Permanent StorageTests.xctest"; sourceTree = BUILT_PRODUCTS_DIR; };
		6A4966C71AF40D99006FB54F /* Info.plist */ = {isa = PBXFileReference; lastKnownFileType = text.plist.xml; path = Info.plist; sourceTree = "<group>"; };
		6A4966C81AF40D99006FB54F /* Permanent_StorageTests.swift */ = {isa = PBXFileReference; lastKnownFileType = sourcecode.swift; path = Permanent_StorageTests.swift; sourceTree = "<group>"; };
/* End PBXFileReference section */

/* Begin PBXFrameworksBuildPhase section */
		6A4966AA1AF40D99006FB54F /* Frameworks */ = {
			isa = PBXFrameworksBuildPhase;
			buildActionMask = 2147483647;
			files = (
			);
			runOnlyForDeploymentPostprocessing = 0;
		};
		6A4966BF1AF40D99006FB54F /* Frameworks */ = {
			isa = PBXFrameworksBuildPhase;
			buildActionMask = 2147483647;
			files = (
			);
			runOnlyForDeploymentPostprocessing = 0;
		};
/* End PBXFrameworksBuildPhase section */

/* Begin PBXGroup section */
		6A4966A41AF40D99006FB54F = {
			isa = PBXGroup;
			children = (
				6A4966AF1AF40D99006FB54F /* Permanent Storage */,
				6A4966C51AF40D99006FB54F /* Permanent StorageTests */,
				6A4966AE1AF40D99006FB54F /* Products */,
			);
			sourceTree = "<group>";
		};
		6A4966AE1AF40D99006FB54F /* Products */ = {
			isa = PBXGroup;
			children = (
				6A4966AD1AF40D99006FB54F /* Permanent Storage.app */,
				6A4966C21AF40D99006FB54F /* Permanent StorageTests.xctest */,
			);
			name = Products;
			sourceTree = "<group>";
		};
		6A4966AF1AF40D99006FB54F /* Permanent Storage */ = {
			isa = PBXGroup;
			children = (
				6A4966B21AF40D99006FB54F /* AppDelegate.swift */,
				6A4966B41AF40D99006FB54F /* ViewController.swift */,
				6A4966B61AF40D99006FB54F /* Main.storyboard */,
				6A4966B91AF40D99006FB54F /* Images.xcassets */,
				6A4966BB1AF40D99006FB54F /* LaunchScreen.xib */,
				6A4966B01AF40D99006FB54F /* Supporting Files */,
			);
			path = "Permanent Storage";
			sourceTree = "<group>";
		};
		6A4966B01AF40D99006FB54F /* Supporting Files */ = {
			isa = PBXGroup;
			children = (
				6A4966B11AF40D99006FB54F /* Info.plist */,
			);
			name = "Supporting Files";
			sourceTree = "<group>";
		};
		6A4966C51AF40D99006FB54F /* Permanent StorageTests */ = {
			isa = PBXGroup;
			children = (
				6A4966C81AF40D99006FB54F /* Permanent_StorageTests.swift */,
				6A4966C61AF40D99006FB54F /* Supporting Files */,
			);
			path = "Permanent StorageTests";
			sourceTree = "<group>";
		};
		6A4966C61AF40D99006FB54F /* Supporting Files */ = {
			isa = PBXGroup;
			children = (
				6A4966C71AF40D99006FB54F /* Info.plist */,
			);
			name = "Supporting Files";
			sourceTree = "<group>";
		};
/* End PBXGroup section */

/* Begin PBXNativeTarget section */
		6A4966AC1AF40D99006FB54F /* Permanent Storage */ = {
			isa = PBXNativeTarget;
			buildConfigurationList = 6A4966CC1AF40D99006FB54F /* Build configuration list for PBXNativeTarget "Permanent Storage" */;
			buildPhases = (
				6A4966A91AF40D99006FB54F /* Sources */,
				6A4966AA1AF40D99006FB54F /* Frameworks */,
				6A4966AB1AF40D99006FB54F /* Resources */,
			);
			buildRules = (
			);
			dependencies = (
			);
			name = "Permanent Storage";
			productName = "Permanent Storage";
			productReference = 6A4966AD1AF40D99006FB54F /* Permanent Storage.app */;
			productType = "com.apple.product-type.application";
		};
		6A4966C11AF40D99006FB54F /* Permanent StorageTests */ = {
			isa = PBXNativeTarget;
			buildConfigurationList = 6A4966CF1AF40D99006FB54F /* Build configuration list for PBXNativeTarget "Permanent StorageTests" */;
			buildPhases = (
				6A4966BE1AF40D99006FB54F /* Sources */,
				6A4966BF1AF40D99006FB54F /* Frameworks */,
				6A4966C01AF40D99006FB54F /* Resources */,
			);
			buildRules = (
			);
			dependencies = (
				6A4966C41AF40D99006FB54F /* PBXTargetDependency */,
			);
			name = "Permanent StorageTests";
			productName = "Permanent StorageTests";
			productReference = 6A4966C21AF40D99006FB54F /* Permanent StorageTests.xctest */;
			productType = "com.apple.product-type.bundle.unit-test";
		};
/* End PBXNativeTarget section */

/* Begin PBXProject section */
		6A4966A51AF40D99006FB54F /* Project object */ = {
			isa = PBXProject;
			attributes = {
				LastUpgradeCheck = 0630;
				ORGANIZATIONNAME = CodeMath;
				TargetAttributes = {
					6A4966AC1AF40D99006FB54F = {
						CreatedOnToolsVersion = 6.3.1;
					};
					6A4966C11AF40D99006FB54F = {
						CreatedOnToolsVersion = 6.3.1;
						TestTargetID = 6A4966AC1AF40D99006FB54F;
					};
				};
			};
			buildConfigurationList = 6A4966A81AF40D99006FB54F /* Build configuration list for PBXProject "Permanent Storage" */;
			compatibilityVersion = "Xcode 3.2";
			developmentRegion = English;
			hasScannedForEncodings = 0;
			knownRegions = (
				en,
				Base,
			);
			mainGroup = 6A4966A41AF40D99006FB54F;
			productRefGroup = 6A4966AE1AF40D99006FB54F /* Products */;
			projectDirPath = "";
			projectRoot = "";
			targets = (
				6A4966AC1AF40D99006FB54F /* Permanent Storage */,
				6A4966C11AF40D99006FB54F /* Permanent StorageTests */,
			);
		};
/* End PBXProject section */

/* Begin PBXResourcesBuildPhase section */
		6A4966AB1AF40D99006FB54F /* Resources */ = {
			isa = PBXResourcesBuildPhase;
			buildActionMask = 2147483647;
			files = (
				6A4966B81AF40D99006FB54F /* Main.storyboard in Resources */,
				6A4966BD1AF40D99006FB54F /* LaunchScreen.xib in Resources */,
				6A4966BA1AF40D99006FB54F /* Images.xcassets in Resources */,
			);
			runOnlyForDeploymentPostprocessing = 0;
		};
		6A4966C01AF40D99006FB54F /* Resources */ = {
			isa = PBXResourcesBuildPhase;
			buildActionMask = 2147483647;
			files = (
			);
			runOnlyForDeploymentPostprocessing = 0;
		};
/* End PBXResourcesBuildPhase section */

/* Begin PBXSourcesBuildPhase section */
		6A4966A91AF40D99006FB54F /* Sources */ = {
			isa = PBXSourcesBuildPhase;
			buildActionMask = 2147483647;
			files = (
				6A4966B51AF40D99006FB54F /* ViewController.swift in Sources */,
				6A4966B31AF40D99006FB54F /* AppDelegate.swift in Sources */,
			);
			runOnlyForDeploymentPostprocessing = 0;
		};
		6A4966BE1AF40D99006FB54F /* Sources */ = {
			isa = PBXSourcesBuildPhase;
			buildActionMask = 2147483647;
			files = (
				6A4966C91AF40D99006FB54F /* Permanent_StorageTests.swift in Sources */,
			);
			runOnlyForDeploymentPostprocessing = 0;
		};
/* End PBXSourcesBuildPhase section */

/* Begin PBXTargetDependency section */
		6A4966C41AF40D99006FB54F /* PBXTargetDependency */ = {
			isa = PBXTargetDependency;
			target = 6A4966AC1AF40D99006FB54F /* Permanent Storage */;
			targetProxy = 6A4966C31AF40D99006FB54F /* PBXContainerItemProxy */;
		};
/* End PBXTargetDependency section */

/* Begin PBXVariantGroup section */
		6A4966B61AF40D99006FB54F /* Main.storyboard */ = {
			isa = PBXVariantGroup;
			children = (
				6A4966B71AF40D99006FB54F /* Base */,
			);
			name = Main.storyboard;
			sourceTree = "<group>";
		};
		6A4966BB1AF40D99006FB54F /* LaunchScreen.xib */ = {
			isa = PBXVariantGroup;
			children = (
				6A4966BC1AF40D99006FB54F /* Base */,
			);
			name = LaunchScreen.xib;
			sourceTree = "<group>";
		};
/* End PBXVariantGroup section */

/* Begin XCBuildConfiguration section */
		6A4966CA1AF40D99006FB54F /* Debug */ = {
			isa = XCBuildConfiguration;
			buildSettings = {
				ALWAYS_SEARCH_USER_PATHS = NO;
				CLANG_CXX_LANGUAGE_STANDARD = "gnu++0x";
				CLANG_CXX_LIBRARY = "libc++";
				CLANG_ENABLE_MODULES = YES;
				CLANG_ENABLE_OBJC_ARC = YES;
				CLANG_WARN_BOOL_CONVERSION = YES;
				CLANG_WARN_CONSTANT_CONVERSION = YES;
				CLANG_WARN_DIRECT_OBJC_ISA_USAGE = YES_ERROR;
				CLANG_WARN_EMPTY_BODY = YES;
				CLANG_WARN_ENUM_CONVERSION = YES;
				CLANG_WARN_INT_CONVERSION = YES;
				CLANG_WARN_OBJC_ROOT_CLASS = YES_ERROR;
				CLANG_WARN_UNREACHABLE_CODE = YES;
				CLANG_WARN__DUPLICATE_METHOD_MATCH = YES;
				"CODE_SIGN_IDENTITY[sdk=iphoneos*]" = "iPhone Developer";
				COPY_PHASE_STRIP = NO;
				DEBUG_INFORMATION_FORMAT = "dwarf-with-dsym";
				ENABLE_STRICT_OBJC_MSGSEND = YES;
				GCC_C_LANGUAGE_STANDARD = gnu99;
				GCC_DYNAMIC_NO_PIC = NO;
				GCC_NO_COMMON_BLOCKS = YES;
				GCC_OPTIMIZATION_LEVEL = 0;
				GCC_PREPROCESSOR_DEFINITIONS = (
					"DEBUG=1",
					"$(inherited)",
				);
				GCC_SYMBOLS_PRIVATE_EXTERN = NO;
				GCC_WARN_64_TO_32_BIT_CONVERSION = YES;
				GCC_WARN_ABOUT_RETURN_TYPE = YES_ERROR;
				GCC_WARN_UNDECLARED_SELECTOR = YES;
				GCC_WARN_UNINITIALIZED_AUTOS = YES_AGGRESSIVE;
				GCC_WARN_UNUSED_FUNCTION = YES;
				GCC_WARN_UNUSED_VARIABLE = YES;
				IPHONEOS_DEPLOYMENT_TARGET = 8.3;
				MTL_ENABLE_DEBUG_INFO = YES;
				ONLY_ACTIVE_ARCH = YES;
				SDKROOT = iphoneos;
				SWIFT_OPTIMIZATION_LEVEL = "-Onone";
			};
			name = Debug;
		};
		6A4966CB1AF40D99006FB54F /* Release */ = {
			isa = XCBuildConfiguration;
			buildSettings = {
				ALWAYS_SEARCH_USER_PATHS = NO;
				CLANG_CXX_LANGUAGE_STANDARD = "gnu++0x";
				CLANG_CXX_LIBRARY = "libc++";
				CLANG_ENABLE_MODULES = YES;
				CLANG_ENABLE_OBJC_ARC = YES;
				CLANG_WARN_BOOL_CONVERSION = YES;
				CLANG_WARN_CONSTANT_CONVERSION = YES;
				CLANG_WARN_DIRECT_OBJC_ISA_USAGE = YES_ERROR;
				CLANG_WARN_EMPTY_BODY = YES;
				CLANG_WARN_ENUM_CONVERSION = YES;
				CLANG_WARN_INT_CONVERSION = YES;
				CLANG_WARN_OBJC_ROOT_CLASS = YES_ERROR;
				CLANG_WARN_UNREACHABLE_CODE = YES;
				CLANG_WARN__DUPLICATE_METHOD_MATCH = YES;
				"CODE_SIGN_IDENTITY[sdk=iphoneos*]" = "iPhone Developer";
				COPY_PHASE_STRIP = NO;
				DEBUG_INFORMATION_FORMAT = "dwarf-with-dsym";
				ENABLE_NS_ASSERTIONS = NO;
				ENABLE_STRICT_OBJC_MSGSEND = YES;
				GCC_C_LANGUAGE_STANDARD = gnu99;
				GCC_NO_COMMON_BLOCKS = YES;
				GCC_WARN_64_TO_32_BIT_CONVERSION = YES;
				GCC_WARN_ABOUT_RETURN_TYPE = YES_ERROR;
				GCC_WARN_UNDECLARED_SELECTOR = YES;
				GCC_WARN_UNINITIALIZED_AUTOS = YES_AGGRESSIVE;
				GCC_WARN_UNUSED_FUNCTION = YES;
				GCC_WARN_UNUSED_VARIABLE = YES;
				IPHONEOS_DEPLOYMENT_TARGET = 8.3;
				MTL_ENABLE_DEBUG_INFO = NO;
				SDKROOT = iphoneos;
				VALIDATE_PRODUCT = YES;
			};
			name = Release;
		};
		6A4966CD1AF40D99006FB54F /* Debug */ = {
			isa = XCBuildConfiguration;
			buildSettings = {
				ASSETCATALOG_COMPILER_APPICON_NAME = AppIcon;
				INFOPLIST_FILE = "Permanent Storage/Info.plist";
				LD_RUNPATH_SEARCH_PATHS = "$(inherited) @executable_path/Frameworks";
				PRODUCT_NAME = "$(TARGET_NAME)";
			};
			name = Debug;
		};
		6A4966CE1AF40D99006FB54F /* Release */ = {
			isa = XCBuildConfiguration;
			buildSettings = {
				ASSETCATALOG_COMPILER_APPICON_NAME = AppIcon;
				INFOPLIST_FILE = "Permanent Storage/Info.plist";
				LD_RUNPATH_SEARCH_PATHS = "$(inherited) @executable_path/Frameworks";
				PRODUCT_NAME = "$(TARGET_NAME)";
			};
			name = Release;
		};
		6A4966D01AF40D99006FB54F /* Debug */ = {
			isa = XCBuildConfiguration;
			buildSettings = {
				BUNDLE_LOADER = "$(TEST_HOST)";
				FRAMEWORK_SEARCH_PATHS = (
					"$(SDKROOT)/Developer/Library/Frameworks",
					"$(inherited)",
				);
				GCC_PREPROCESSOR_DEFINITIONS = (
					"DEBUG=1",
					"$(inherited)",
				);
				INFOPLIST_FILE = "Permanent StorageTests/Info.plist";
				LD_RUNPATH_SEARCH_PATHS = "$(inherited) @executable_path/Frameworks @loader_path/Frameworks";
				PRODUCT_NAME = "$(TARGET_NAME)";
				TEST_HOST = "$(BUILT_PRODUCTS_DIR)/Permanent Storage.app/Permanent Storage";
			};
			name = Debug;
		};
		6A4966D11AF40D99006FB54F /* Release */ = {
			isa = XCBuildConfiguration;
			buildSettings = {
				BUNDLE_LOADER = "$(TEST_HOST)";
				FRAMEWORK_SEARCH_PATHS = (
					"$(SDKROOT)/Developer/Library/Frameworks",
					"$(inherited)",
				);
				INFOPLIST_FILE = "Permanent StorageTests/Info.plist";
				LD_RUNPATH_SEARCH_PATHS = "$(inherited) @executable_path/Frameworks @loader_path/Frameworks";
				PRODUCT_NAME = "$(TARGET_NAME)";
				TEST_HOST = "$(BUILT_PRODUCTS_DIR)/Permanent Storage.app/Permanent Storage";
			};
			name = Release;
		};
/* End XCBuildConfiguration section */

/* Begin XCConfigurationList section */
		6A4966A81AF40D99006FB54F /* Build configuration list for PBXProject "Permanent Storage" */ = {
			isa = XCConfigurationList;
			buildConfigurations = (
				6A4966CA1AF40D99006FB54F /* Debug */,
				6A4966CB1AF40D99006FB54F /* Release */,
			);
			defaultConfigurationIsVisible = 0;
			defaultConfigurationName = Release;
		};
		6A4966CC1AF40D99006FB54F /* Build configuration list for PBXNativeTarget "Permanent Storage" */ = {
			isa = XCConfigurationList;
			buildConfigurations = (
				6A4966CD1AF40D99006FB54F /* Debug */,
				6A4966CE1AF40D99006FB54F /* Release */,
			);
			defaultConfigurationIsVisible = 0;
		};
		6A4966CF1AF40D99006FB54F /* Build configuration list for PBXNativeTarget "Permanent StorageTests" */ = {
			isa = XCConfigurationList;
			buildConfigurations = (
				6A4966D01AF40D99006FB54F /* Debug */,
				6A4966D11AF40D99006FB54F /* Release */,
			);
			defaultConfigurationIsVisible = 0;
		};
/* End XCConfigurationList section */
	};
	rootObject = 6A4966A51AF40D99006FB54F /* Project object */;
}
